
Microsoft Visual Studio Solution File, Format Version 12.00
# Visual Studio Version 16
VisualStudioVersion = 16.0.30523.141
MinimumVisualStudioVersion = 10.0.40219.1
Project("{FAE04EC0-301F-11D3-BF4B-00C04F79EFBC}") = "Muntean_Oana_Lab5", "Muntean_Oana_Lab5.csproj", "{91E6E6F2-7BF0-44DF-B73A-1790CDC1EFD3}"
EndProject
Global
	GlobalSection(SolutionConfigurationPlatforms) = preSolution
		Debug|Any CPU = Debug|Any CPU
		Release|Any CPU = Release|Any CPU
	EndGlobalSection
	GlobalSection(ProjectConfigurationPlatforms) = postSolution
		{91E6E6F2-7BF0-44DF-B73A-1790CDC1EFD3}.Debug|Any CPU.ActiveCfg = Debug|Any CPU
		{91E6E6F2-7BF0-44DF-B73A-1790CDC1EFD3}.Debug|Any CPU.Build.0 = Debug|Any CPU
		{91E6E6F2-7BF0-44DF-B73A-1790CDC1EFD3}.Release|Any CPU.ActiveCfg = Release|Any CPU
		{91E6E6F2-7BF0-44DF-B73A-1790CDC1EFD3}.Release|Any CPU.Build.0 = Release|Any CPU
	EndGlobalSection
	GlobalSection(SolutionProperties) = preSolution
		HideSolutionNode = FALSE
	EndGlobalSection
	GlobalSection(ExtensibilityGlobals) = postSolution
		SolutionGuid = {DF2097E0-E89D-4ACB-81CD-D3CD6018A4E6}
	EndGlobalSection
EndGlobal
